
Microsoft Visual Studio Solution File, Format Version 12.00
# Visual Studio 14
VisualStudioVersion = 14.0.24720.0
MinimumVisualStudioVersion = 10.0.40219.1
Project("{FAE04EC0-301F-11D3-BF4B-00C04F79EFBC}") = "Runner", "Runner\Runner.csproj", "{5E68FB9D-DCE8-424F-A29A-5A73EE01B2ED}"
EndProject
Project("{FAE04EC0-301F-11D3-BF4B-00C04F79EFBC}") = "CoreLib", "CoreLib\CoreLib.csproj", "{00414065-E153-4258-9100-0EAC7B19A711}"
EndProject
Project("{FAE04EC0-301F-11D3-BF4B-00C04F79EFBC}") = "CoreTests", "CoreTests\CoreTests.csproj", "{7A71BCB6-5794-48E1-9D8A-35F16B2E5E88}"
EndProject
Project("{FAE04EC0-301F-11D3-BF4B-00C04F79EFBC}") = "Emulator", "Emulator\Emulator.csproj", "{D95341CA-EBD9-4D9E-8EAC-7421F61FF7EC}"
EndProject
Project("{FAE04EC0-301F-11D3-BF4B-00C04F79EFBC}") = "WebServiceHost", "WebServiceHost\WebServiceHost.csproj", "{AF3364B2-6AE1-4720-972E-7C7403C36EE3}"
EndProject
Project("{FAE04EC0-301F-11D3-BF4B-00C04F79EFBC}") = "TestClient", "TestClient\TestClient.csproj", "{9E53B255-E7DD-4FE4-8BE7-003C0AD98460}"
EndProject
Project("{FAE04EC0-301F-11D3-BF4B-00C04F79EFBC}") = "CoreService", "CoreService\CoreService.csproj", "{F37C5787-D789-44AB-ADE9-2894C3F36036}"
EndProject
Project("{FAE04EC0-301F-11D3-BF4B-00C04F79EFBC}") = "SmUI", "SmUI\SmUI.csproj", "{0C2AF6D4-A0DD-4B8C-A4B6-37F3085D197C}"
EndProject
Global
	GlobalSection(SolutionConfigurationPlatforms) = preSolution
		Debug|Any CPU = Debug|Any CPU
		Debug|Mixed Platforms = Debug|Mixed Platforms
		Debug|x64 = Debug|x64
		Debug|x86 = Debug|x86
		Release|Any CPU = Release|Any CPU
		Release|Mixed Platforms = Release|Mixed Platforms
		Release|x64 = Release|x64
		Release|x86 = Release|x86
	EndGlobalSection
	GlobalSection(ProjectConfigurationPlatforms) = postSolution
		{5E68FB9D-DCE8-424F-A29A-5A73EE01B2ED}.Debug|Any CPU.ActiveCfg = Debug|Any CPU
		{5E68FB9D-DCE8-424F-A29A-5A73EE01B2ED}.Debug|Any CPU.Build.0 = Debug|Any CPU
		{5E68FB9D-DCE8-424F-A29A-5A73EE01B2ED}.Debug|Mixed Platforms.ActiveCfg = Debug|Any CPU
		{5E68FB9D-DCE8-424F-A29A-5A73EE01B2ED}.Debug|Mixed Platforms.Build.0 = Debug|Any CPU
		{5E68FB9D-DCE8-424F-A29A-5A73EE01B2ED}.Debug|x64.ActiveCfg = Debug|x64
		{5E68FB9D-DCE8-424F-A29A-5A73EE01B2ED}.Debug|x64.Build.0 = Debug|x64
		{5E68FB9D-DCE8-424F-A29A-5A73EE01B2ED}.Debug|x86.ActiveCfg = Debug|x86
		{5E68FB9D-DCE8-424F-A29A-5A73EE01B2ED}.Debug|x86.Build.0 = Debug|x86
		{5E68FB9D-DCE8-424F-A29A-5A73EE01B2ED}.Release|Any CPU.ActiveCfg = Release|Any CPU
		{5E68FB9D-DCE8-424F-A29A-5A73EE01B2ED}.Release|Any CPU.Build.0 = Release|Any CPU
		{5E68FB9D-DCE8-424F-A29A-5A73EE01B2ED}.Release|Mixed Platforms.ActiveCfg = Release|Any CPU
		{5E68FB9D-DCE8-424F-A29A-5A73EE01B2ED}.Release|Mixed Platforms.Build.0 = Release|Any CPU
		{5E68FB9D-DCE8-424F-A29A-5A73EE01B2ED}.Release|x64.ActiveCfg = Release|x64
		{5E68FB9D-DCE8-424F-A29A-5A73EE01B2ED}.Release|x64.Build.0 = Release|x64
		{5E68FB9D-DCE8-424F-A29A-5A73EE01B2ED}.Release|x86.ActiveCfg = Release|x86
		{5E68FB9D-DCE8-424F-A29A-5A73EE01B2ED}.Release|x86.Build.0 = Release|x86
		{00414065-E153-4258-9100-0EAC7B19A711}.Debug|Any CPU.ActiveCfg = Debug|Any CPU
		{00414065-E153-4258-9100-0EAC7B19A711}.Debug|Any CPU.Build.0 = Debug|Any CPU
		{00414065-E153-4258-9100-0EAC7B19A711}.Debug|Mixed Platforms.ActiveCfg = Debug|Any CPU
		{00414065-E153-4258-9100-0EAC7B19A711}.Debug|Mixed Platforms.Build.0 = Debug|Any CPU
		{00414065-E153-4258-9100-0EAC7B19A711}.Debug|x64.ActiveCfg = Debug|x64
		{00414065-E153-4258-9100-0EAC7B19A711}.Debug|x64.Build.0 = Debug|x64
		{00414065-E153-4258-9100-0EAC7B19A711}.Debug|x86.ActiveCfg = Debug|x86
		{00414065-E153-4258-9100-0EAC7B19A711}.Debug|x86.Build.0 = Debug|x86
		{00414065-E153-4258-9100-0EAC7B19A711}.Release|Any CPU.ActiveCfg = Release|Any CPU
		{00414065-E153-4258-9100-0EAC7B19A711}.Release|Any CPU.Build.0 = Release|Any CPU
		{00414065-E153-4258-9100-0EAC7B19A711}.Release|Mixed Platforms.ActiveCfg = Release|Any CPU
		{00414065-E153-4258-9100-0EAC7B19A711}.Release|Mixed Platforms.Build.0 = Release|Any CPU
		{00414065-E153-4258-9100-0EAC7B19A711}.Release|x64.ActiveCfg = Release|x64
		{00414065-E153-4258-9100-0EAC7B19A711}.Release|x64.Build.0 = Release|x64
		{00414065-E153-4258-9100-0EAC7B19A711}.Release|x86.ActiveCfg = Release|x86
		{00414065-E153-4258-9100-0EAC7B19A711}.Release|x86.Build.0 = Release|x86
		{7A71BCB6-5794-48E1-9D8A-35F16B2E5E88}.Debug|Any CPU.ActiveCfg = Debug|Any CPU
		{7A71BCB6-5794-48E1-9D8A-35F16B2E5E88}.Debug|Any CPU.Build.0 = Debug|Any CPU
		{7A71BCB6-5794-48E1-9D8A-35F16B2E5E88}.Debug|Mixed Platforms.ActiveCfg = Debug|Any CPU
		{7A71BCB6-5794-48E1-9D8A-35F16B2E5E88}.Debug|Mixed Platforms.Build.0 = Debug|Any CPU
		{7A71BCB6-5794-48E1-9D8A-35F16B2E5E88}.Debug|x64.ActiveCfg = Debug|x64
		{7A71BCB6-5794-48E1-9D8A-35F16B2E5E88}.Debug|x64.Build.0 = Debug|x64
		{7A71BCB6-5794-48E1-9D8A-35F16B2E5E88}.Debug|x86.ActiveCfg = Debug|x86
		{7A71BCB6-5794-48E1-9D8A-35F16B2E5E88}.Debug|x86.Build.0 = Debug|x86
		{7A71BCB6-5794-48E1-9D8A-35F16B2E5E88}.Release|Any CPU.ActiveCfg = Release|Any CPU
		{7A71BCB6-5794-48E1-9D8A-35F16B2E5E88}.Release|Any CPU.Build.0 = Release|Any CPU
		{7A71BCB6-5794-48E1-9D8A-35F16B2E5E88}.Release|Mixed Platforms.ActiveCfg = Release|Any CPU
		{7A71BCB6-5794-48E1-9D8A-35F16B2E5E88}.Release|Mixed Platforms.Build.0 = Release|Any CPU
		{7A71BCB6-5794-48E1-9D8A-35F16B2E5E88}.Release|x64.ActiveCfg = Release|x64
		{7A71BCB6-5794-48E1-9D8A-35F16B2E5E88}.Release|x64.Build.0 = Release|x64
		{7A71BCB6-5794-48E1-9D8A-35F16B2E5E88}.Release|x86.ActiveCfg = Release|x86
		{7A71BCB6-5794-48E1-9D8A-35F16B2E5E88}.Release|x86.Build.0 = Release|x86
		{D95341CA-EBD9-4D9E-8EAC-7421F61FF7EC}.Debug|Any CPU.ActiveCfg = Debug|Any CPU
		{D95341CA-EBD9-4D9E-8EAC-7421F61FF7EC}.Debug|Any CPU.Build.0 = Debug|Any CPU
		{D95341CA-EBD9-4D9E-8EAC-7421F61FF7EC}.Debug|Mixed Platforms.ActiveCfg = Debug|Any CPU
		{D95341CA-EBD9-4D9E-8EAC-7421F61FF7EC}.Debug|Mixed Platforms.Build.0 = Debug|Any CPU
		{D95341CA-EBD9-4D9E-8EAC-7421F61FF7EC}.Debug|x64.ActiveCfg = Debug|x64
		{D95341CA-EBD9-4D9E-8EAC-7421F61FF7EC}.Debug|x64.Build.0 = Debug|x64
		{D95341CA-EBD9-4D9E-8EAC-7421F61FF7EC}.Debug|x86.ActiveCfg = Debug|x86
		{D95341CA-EBD9-4D9E-8EAC-7421F61FF7EC}.Debug|x86.Build.0 = Debug|x86
		{D95341CA-EBD9-4D9E-8EAC-7421F61FF7EC}.Release|Any CPU.ActiveCfg = Release|Any CPU
		{D95341CA-EBD9-4D9E-8EAC-7421F61FF7EC}.Release|Any CPU.Build.0 = Release|Any CPU
		{D95341CA-EBD9-4D9E-8EAC-7421F61FF7EC}.Release|Mixed Platforms.ActiveCfg = Release|Any CPU
		{D95341CA-EBD9-4D9E-8EAC-7421F61FF7EC}.Release|Mixed Platforms.Build.0 = Release|Any CPU
		{D95341CA-EBD9-4D9E-8EAC-7421F61FF7EC}.Release|x64.ActiveCfg = Release|x64
		{D95341CA-EBD9-4D9E-8EAC-7421F61FF7EC}.Release|x64.Build.0 = Release|x64
		{D95341CA-EBD9-4D9E-8EAC-7421F61FF7EC}.Release|x86.ActiveCfg = Release|x86
		{D95341CA-EBD9-4D9E-8EAC-7421F61FF7EC}.Release|x86.Build.0 = Release|x86
		{AF3364B2-6AE1-4720-972E-7C7403C36EE3}.Debug|Any CPU.ActiveCfg = Debug|Any CPU
		{AF3364B2-6AE1-4720-972E-7C7403C36EE3}.Debug|Any CPU.Build.0 = Debug|Any CPU
		{AF3364B2-6AE1-4720-972E-7C7403C36EE3}.Debug|Mixed Platforms.ActiveCfg = Debug|Any CPU
		{AF3364B2-6AE1-4720-972E-7C7403C36EE3}.Debug|Mixed Platforms.Build.0 = Debug|Any CPU
		{AF3364B2-6AE1-4720-972E-7C7403C36EE3}.Debug|x64.ActiveCfg = Debug|x64
		{AF3364B2-6AE1-4720-972E-7C7403C36EE3}.Debug|x64.Build.0 = Debug|x64
		{AF3364B2-6AE1-4720-972E-7C7403C36EE3}.Debug|x86.ActiveCfg = Debug|x86
		{AF3364B2-6AE1-4720-972E-7C7403C36EE3}.Debug|x86.Build.0 = Debug|x86
		{AF3364B2-6AE1-4720-972E-7C7403C36EE3}.Release|Any CPU.ActiveCfg = Release|Any CPU
		{AF3364B2-6AE1-4720-972E-7C7403C36EE3}.Release|Any CPU.Build.0 = Release|Any CPU
		{AF3364B2-6AE1-4720-972E-7C7403C36EE3}.Release|Mixed Platforms.ActiveCfg = Release|Any CPU
		{AF3364B2-6AE1-4720-972E-7C7403C36EE3}.Release|Mixed Platforms.Build.0 = Release|Any CPU
		{AF3364B2-6AE1-4720-972E-7C7403C36EE3}.Release|x64.ActiveCfg = Release|x64
		{AF3364B2-6AE1-4720-972E-7C7403C36EE3}.Release|x64.Build.0 = Release|x64
		{AF3364B2-6AE1-4720-972E-7C7403C36EE3}.Release|x86.ActiveCfg = Release|Any CPU
		{9E53B255-E7DD-4FE4-8BE7-003C0AD98460}.Debug|Any CPU.ActiveCfg = Debug|Any CPU
		{9E53B255-E7DD-4FE4-8BE7-003C0AD98460}.Debug|Any CPU.Build.0 = Debug|Any CPU
		{9E53B255-E7DD-4FE4-8BE7-003C0AD98460}.Debug|Mixed Platforms.ActiveCfg = Debug|Any CPU
		{9E53B255-E7DD-4FE4-8BE7-003C0AD98460}.Debug|Mixed Platforms.Build.0 = Debug|Any CPU
		{9E53B255-E7DD-4FE4-8BE7-003C0AD98460}.Debug|x64.ActiveCfg = Debug|x64
		{9E53B255-E7DD-4FE4-8BE7-003C0AD98460}.Debug|x64.Build.0 = Debug|x64
		{9E53B255-E7DD-4FE4-8BE7-003C0AD98460}.Debug|x86.ActiveCfg = Debug|x86
		{9E53B255-E7DD-4FE4-8BE7-003C0AD98460}.Debug|x86.Build.0 = Debug|x86
		{9E53B255-E7DD-4FE4-8BE7-003C0AD98460}.Release|Any CPU.ActiveCfg = Release|Any CPU
		{9E53B255-E7DD-4FE4-8BE7-003C0AD98460}.Release|Any CPU.Build.0 = Release|Any CPU
		{9E53B255-E7DD-4FE4-8BE7-003C0AD98460}.Release|Mixed Platforms.ActiveCfg = Release|Any CPU
		{9E53B255-E7DD-4FE4-8BE7-003C0AD98460}.Release|Mixed Platforms.Build.0 = Release|Any CPU
		{9E53B255-E7DD-4FE4-8BE7-003C0AD98460}.Release|x64.ActiveCfg = Release|x64
		{9E53B255-E7DD-4FE4-8BE7-003C0AD98460}.Release|x64.Build.0 = Release|x64
		{9E53B255-E7DD-4FE4-8BE7-003C0AD98460}.Release|x86.ActiveCfg = Release|Any CPU
		{F37C5787-D789-44AB-ADE9-2894C3F36036}.Debug|Any CPU.ActiveCfg = Debug|Any CPU
		{F37C5787-D789-44AB-ADE9-2894C3F36036}.Debug|Any CPU.Build.0 = Debug|Any CPU
		{F37C5787-D789-44AB-ADE9-2894C3F36036}.Debug|Mixed Platforms.ActiveCfg = Debug|Any CPU
		{F37C5787-D789-44AB-ADE9-2894C3F36036}.Debug|Mixed Platforms.Build.0 = Debug|Any CPU
		{F37C5787-D789-44AB-ADE9-2894C3F36036}.Debug|x64.ActiveCfg = Debug|x64
		{F37C5787-D789-44AB-ADE9-2894C3F36036}.Debug|x64.Build.0 = Debug|x64
		{F37C5787-D789-44AB-ADE9-2894C3F36036}.Debug|x86.ActiveCfg = Debug|x86
		{F37C5787-D789-44AB-ADE9-2894C3F36036}.Debug|x86.Build.0 = Debug|x86
		{F37C5787-D789-44AB-ADE9-2894C3F36036}.Release|Any CPU.ActiveCfg = Release|Any CPU
		{F37C5787-D789-44AB-ADE9-2894C3F36036}.Release|Any CPU.Build.0 = Release|Any CPU
		{F37C5787-D789-44AB-ADE9-2894C3F36036}.Release|Mixed Platforms.ActiveCfg = Release|Any CPU
		{F37C5787-D789-44AB-ADE9-2894C3F36036}.Release|Mixed Platforms.Build.0 = Release|Any CPU
		{F37C5787-D789-44AB-ADE9-2894C3F36036}.Release|x64.ActiveCfg = Release|x64
		{F37C5787-D789-44AB-ADE9-2894C3F36036}.Release|x64.Build.0 = Release|x64
		{F37C5787-D789-44AB-ADE9-2894C3F36036}.Release|x86.ActiveCfg = Release|Any CPU
		{F37C5787-D789-44AB-ADE9-2894C3F36036}.Release|x86.Build.0 = Release|Any CPU
		{0C2AF6D4-A0DD-4B8C-A4B6-37F3085D197C}.Debug|Any CPU.ActiveCfg = Debug|Any CPU
		{0C2AF6D4-A0DD-4B8C-A4B6-37F3085D197C}.Debug|Any CPU.Build.0 = Debug|Any CPU
		{0C2AF6D4-A0DD-4B8C-A4B6-37F3085D197C}.Debug|Mixed Platforms.ActiveCfg = Debug|Any CPU
		{0C2AF6D4-A0DD-4B8C-A4B6-37F3085D197C}.Debug|Mixed Platforms.Build.0 = Debug|Any CPU
		{0C2AF6D4-A0DD-4B8C-A4B6-37F3085D197C}.Debug|x64.ActiveCfg = Debug|x64
		{0C2AF6D4-A0DD-4B8C-A4B6-37F3085D197C}.Debug|x64.Build.0 = Debug|x64
		{0C2AF6D4-A0DD-4B8C-A4B6-37F3085D197C}.Debug|x86.ActiveCfg = Debug|Any CPU
		{0C2AF6D4-A0DD-4B8C-A4B6-37F3085D197C}.Debug|x86.Build.0 = Debug|Any CPU
		{0C2AF6D4-A0DD-4B8C-A4B6-37F3085D197C}.Release|Any CPU.ActiveCfg = Release|Any CPU
		{0C2AF6D4-A0DD-4B8C-A4B6-37F3085D197C}.Release|Any CPU.Build.0 = Release|Any CPU
		{0C2AF6D4-A0DD-4B8C-A4B6-37F3085D197C}.Release|Mixed Platforms.ActiveCfg = Release|Any CPU
		{0C2AF6D4-A0DD-4B8C-A4B6-37F3085D197C}.Release|Mixed Platforms.Build.0 = Release|Any CPU
		{0C2AF6D4-A0DD-4B8C-A4B6-37F3085D197C}.Release|x64.ActiveCfg = Release|Any CPU
		{0C2AF6D4-A0DD-4B8C-A4B6-37F3085D197C}.Release|x64.Build.0 = Release|Any CPU
		{0C2AF6D4-A0DD-4B8C-A4B6-37F3085D197C}.Release|x86.ActiveCfg = Release|Any CPU
		{0C2AF6D4-A0DD-4B8C-A4B6-37F3085D197C}.Release|x86.Build.0 = Release|Any CPU
	EndGlobalSection
	GlobalSection(SolutionProperties) = preSolution
		HideSolutionNode = FALSE
	EndGlobalSection
EndGlobal
